
Microsoft Visual Studio Solution File, Format Version 12.00
# Visual Studio 15
Project("{FAE04EC0-301F-11D3-BF4B-00C04F79EFBC}") = "CloudTrader.Api", "src\CloudTrader.Api\CloudTrader.Api.csproj", "{BC9C1894-B43C-4612-9A46-FF30D94B6602}"
EndProject
Project("{FAE04EC0-301F-11D3-BF4B-00C04F79EFBC}") = "CloudTrader.Api.Tests", "test\CloudTrader.Api.Tests\CloudTrader.Api.Tests.csproj", "{2F86BC33-FC75-4BE3-95D1-5629BAFF90B9}"
EndProject
Global
	GlobalSection(SolutionConfigurationPlatforms) = preSolution
		Debug|Any CPU = Debug|Any CPU
		Release|Any CPU = Release|Any CPU
	EndGlobalSection
	GlobalSection(ProjectConfigurationPlatforms) = postSolution
		{BC9C1894-B43C-4612-9A46-FF30D94B6602}.Debug|Any CPU.ActiveCfg = Debug|Any CPU
		{BC9C1894-B43C-4612-9A46-FF30D94B6602}.Debug|Any CPU.Build.0 = Debug|Any CPU
		{BC9C1894-B43C-4612-9A46-FF30D94B6602}.Release|Any CPU.ActiveCfg = Release|Any CPU
		{BC9C1894-B43C-4612-9A46-FF30D94B6602}.Release|Any CPU.Build.0 = Release|Any CPU
		{2F86BC33-FC75-4BE3-95D1-5629BAFF90B9}.Debug|Any CPU.ActiveCfg = Debug|Any CPU
		{2F86BC33-FC75-4BE3-95D1-5629BAFF90B9}.Debug|Any CPU.Build.0 = Debug|Any CPU
		{2F86BC33-FC75-4BE3-95D1-5629BAFF90B9}.Release|Any CPU.ActiveCfg = Release|Any CPU
		{2F86BC33-FC75-4BE3-95D1-5629BAFF90B9}.Release|Any CPU.Build.0 = Release|Any CPU
	EndGlobalSection
EndGlobal
